dependencies:
- name: postgresql
  repository: https://charts.bitnami.com/bitnami
  version: 18.7.8
- name: postgresql
  repository: https://charts.bitnami.com/bitnami
  version: 18.7.8
digest: sha256:768ee400a78f0415f0bdfde699938ca147e849bc27b18463944dfde6ea70aa11
generated: "2026-07-14T21:17:13.593383621Z"
